// !$*UTF8*$!
{
	archiveVersion = 1;
	classes = {
	};
	objectVersion = 46;
	objects = {

/* Begin PBXBuildFile section */
		3261E3601BD1FAD00008F1FD /* main.m in Sources */ = {isa = PBXBuildFile; fileRef = 3261E35F1BD1FAD00008F1FD /* main.m */; };
		3261E3631BD1FAD00008F1FD /* AppDelegate.m in Sources */ = {isa = PBXBuildFile; fileRef = 3261E3621BD1FAD00008F1FD /* AppDelegate.m */; };
		3261E3691BD1FAD00008F1FD /* Main.storyboard in Resources */ = {isa = PBXBuildFile; fileRef = 3261E3671BD1FAD00008F1FD /* Main.storyboard */; };
		3261E36B1BD1FAD00008F1FD /* Assets.xcassets in Resources */ = {isa = PBXBuildFile; fileRef = 3261E36A1BD1FAD00008F1FD /* Assets.xcassets */; };
		3261E36E1BD1FAD00008F1FD /* LaunchScreen.storyboard in Resources */ = {isa = PBXBuildFile; fileRef = 3261E36C1BD1FAD00008F1FD /* LaunchScreen.storyboard */; };
		3261E3791BD1FAD00008F1FD /* JKAutoresizingCellDemoTests.m in Sources */ = {isa = PBXBuildFile; fileRef = 3261E3781BD1FAD00008F1FD /* JKAutoresizingCellDemoTests.m */; };
		3261E3841BD1FAD00008F1FD /* JKAutoresizingCellDemoUITests.m in Sources */ = {isa = PBXBuildFile; fileRef = 3261E3831BD1FAD00008F1FD /* JKAutoresizingCellDemoUITests.m */; };
		3261E3931BD1FBAA0008F1FD /* JKMenuViewController.m in Sources */ = {isa = PBXBuildFile; fileRef = 3261E3921BD1FBAA0008F1FD /* JKMenuViewController.m */; settings = {ASSET_TAGS = (); }; };
		3261E3971BD1FFFE0008F1FD /* JKAutoresizingTableViewController.m in Sources */ = {isa = PBXBuildFile; fileRef = 3261E3961BD1FFFE0008F1FD /* JKAutoresizingTableViewController.m */; settings = {ASSET_TAGS = (); }; };
		3261E39A1BD200CC0008F1FD /* JKEntity.m in Sources */ = {isa = PBXBuildFile; fileRef = 3261E3991BD200CC0008F1FD /* JKEntity.m */; settings = {ASSET_TAGS = (); }; };
		3261E39E1BD2077E0008F1FD /* JKEntityCell.m in Sources */ = {isa = PBXBuildFile; fileRef = 3261E39D1BD2077E0008F1FD /* JKEntityCell.m */; settings = {ASSET_TAGS = (); }; };
		3261E3A11BD229890008F1FD /* Clock.png in Resources */ = {isa = PBXBuildFile; fileRef = 3261E3A01BD229890008F1FD /* Clock.png */; settings = {ASSET_TAGS = (); }; };
/* End PBXBuildFile section */

/* Begin PBXContainerItemProxy section */
		3261E3751BD1FAD00008F1FD /* PBXContainerItemProxy */ = {
			isa = PBXContainerItemProxy;
			containerPortal = 3261E3531BD1FAD00008F1FD /* Project object */;
			proxyType = 1;
			remoteGlobalIDString = 3261E35A1BD1FAD00008F1FD;
			remoteInfo = JKAutoresizingCellDemo;
		};
		3261E3801BD1FAD00008F1FD /* PBXContainerItemProxy */ = {
			isa = PBXContainerItemProxy;
			containerPortal = 3261E3531BD1FAD00008F1FD /* Project object */;
			proxyType = 1;
			remoteGlobalIDString = 3261E35A1BD1FAD00008F1FD;
			remoteInfo = JKAutoresizingCellDemo;
		};
/* End PBXContainerItemProxy section */

/* Begin PBXFileReference section */
		3261E35B1BD1FAD00008F1FD /* JKAutoresizingCellDemo.app */ = {isa = PBXFileReference; explicitFileType = wrapper.application; includeInIndex = 0; path = JKAutoresizingCellDemo.app; sourceTree = BUILT_PRODUCTS_DIR; };
		3261E35F1BD1FAD00008F1FD /* main.m */ = {isa = PBXFileReference; lastKnownFileType = sourcecode.c.objc; path = main.m; sourceTree = "<group>"; };
		3261E3611BD1FAD00008F1FD /* AppDelegate.h */ = {isa = PBXFileReference; lastKnownFileType = sourcecode.c.h; path = AppDelegate.h; sourceTree = "<group>"; };
		3261E3621BD1FAD00008F1FD /* AppDelegate.m */ = {isa = PBXFileReference; lastKnownFileType = sourcecode.c.objc; path = AppDelegate.m; sourceTree = "<group>"; };
		3261E3681BD1FAD00008F1FD /* Base */ = {isa = PBXFileReference; lastKnownFileType = file.storyboard; name = Base; path = Base.lproj/Main.storyboard; sourceTree = "<group>"; };
		3261E36A1BD1FAD00008F1FD /* Assets.xcassets */ = {isa = PBXFileReference; lastKnownFileType = folder.assetcatalog; path = Assets.xcassets; sourceTree = "<group>"; };
		3261E36D1BD1FAD00008F1FD /* Base */ = {isa = PBXFileReference; lastKnownFileType = file.storyboard; name = Base; path = Base.lproj/LaunchScreen.storyboard; sourceTree = "<group>"; };
		3261E36F1BD1FAD00008F1FD /* Info.plist */ = {isa = PBXFileReference; lastKnownFileType = text.plist.xml; path = Info.plist; sourceTree = "<group>"; };
		3261E3741BD1FAD00008F1FD /* JKAutoresizingCellDemoTests.xctest */ = {isa = PBXFileReference; explicitFileType = wrapper.cfbundle; includeInIndex = 0; path = JKAutoresizingCellDemoTests.xctest; sourceTree = BUILT_PRODUCTS_DIR; };
		3261E3781BD1FAD00008F1FD /* JKAutoresizingCellDemoTests.m */ = {isa = PBXFileReference; lastKnownFileType = sourcecode.c.objc; path = JKAutoresizingCellDemoTests.m; sourceTree = "<group>"; };
		3261E37A1BD1FAD00008F1FD /* Info.plist */ = {isa = PBXFileReference; lastKnownFileType = text.plist.xml; path = Info.plist; sourceTree = "<group>"; };
		3261E37F1BD1FAD00008F1FD /* JKAutoresizingCellDemoUITests.xctest */ = {isa = PBXFileReference; explicitFileType = wrapper.cfbundle; includeInIndex = 0; path = JKAutoresizingCellDemoUITests.xctest; sourceTree = BUILT_PRODUCTS_DIR; };
		3261E3831BD1FAD00008F1FD /* JKAutoresizingCellDemoUITests.m */ = {isa = PBXFileReference; lastKnownFileType = sourcecode.c.objc; path = JKAutoresizingCellDemoUITests.m; sourceTree = "<group>"; };
		3261E3851BD1FAD00008F1FD /* Info.plist */ = {isa = PBXFileReference; lastKnownFileType = text.plist.xml; path = Info.plist; sourceTree = "<group>"; };
		3261E3911BD1FBAA0008F1FD /* JKMenuViewController.h */ = {isa = PBXFileReference; fileEncoding = 4; lastKnownFileType = sourcecode.c.h; name = JKMenuViewController.h; path = Controllers/JKMenuViewController.h; sourceTree = "<group>"; };
		3261E3921BD1FBAA0008F1FD /* JKMenuViewController.m */ = {isa = PBXFileReference; fileEncoding = 4; lastKnownFileType = sourcecode.c.objc; name = JKMenuViewController.m; path = Controllers/JKMenuViewController.m; sourceTree = "<group>"; };
		3261E3951BD1FFFE0008F1FD /* JKAutoresizingTableViewController.h */ = {isa = PBXFileReference; fileEncoding = 4; lastKnownFileType = sourcecode.c.h; name = JKAutoresizingTableViewController.h; path = Controllers/JKAutoresizingTableViewController.h; sourceTree = "<group>"; };
		3261E3961BD1FFFE0008F1FD /* JKAutoresizingTableViewController.m */ = {isa = PBXFileReference; fileEncoding = 4; lastKnownFileType = sourcecode.c.objc; name = JKAutoresizingTableViewController.m; path = Controllers/JKAutoresizingTableViewController.m; sourceTree = "<group>"; };
		3261E3981BD200CC0008F1FD /* JKEntity.h */ = {isa = PBXFileReference; fileEncoding = 4; lastKnownFileType = sourcecode.c.h; name = JKEntity.h; path = Models/JKEntity.h; sourceTree = "<group>"; };
		3261E3991BD200CC0008F1FD /* JKEntity.m */ = {isa = PBXFileReference; fileEncoding = 4; lastKnownFileType = sourcecode.c.objc; name = JKEntity.m; path = Models/JKEntity.m; sourceTree = "<group>"; };
		3261E39C1BD2077E0008F1FD /* JKEntityCell.h */ = {isa = PBXFileReference; fileEncoding = 4; lastKnownFileType = sourcecode.c.h; name = JKEntityCell.h; path = Views/JKEntityCell.h; sourceTree = "<group>"; };
		3261E39D1BD2077E0008F1FD /* JKEntityCell.m */ = {isa = PBXFileReference; fileEncoding = 4; lastKnownFileType = sourcecode.c.objc; name = JKEntityCell.m; path = Views/JKEntityCell.m; sourceTree = "<group>"; };
		3261E3A01BD229890008F1FD /* Clock.png */ = {isa = PBXFileReference; lastKnownFileType = image.png; path = Clock.png; sourceTree = "<group>"; };
/* End PBXFileReference section */

/* Begin PBXFrameworksBuildPhase section */
		3261E3581BD1FAD00008F1FD /* Frameworks */ = {
			isa = PBXFrameworksBuildPhase;
			buildActionMask = 2147483647;
			files = (
			);
			runOnlyForDeploymentPostprocessing = 0;
		};
		3261E3711BD1FAD00008F1FD /* Frameworks */ = {
			isa = PBXFrameworksBuildPhase;
			buildActionMask = 2147483647;
			files = (
			);
			runOnlyForDeploymentPostprocessing = 0;
		};
		3261E37C1BD1FAD00008F1FD /* Frameworks */ = {
			isa = PBXFrameworksBuildPhase;
			buildActionMask = 2147483647;
			files = (
			);
			runOnlyForDeploymentPostprocessing = 0;
		};
/* End PBXFrameworksBuildPhase section */

/* Begin PBXGroup section */
		3261E3521BD1FAD00008F1FD = {
			isa = PBXGroup;
			children = (
				3261E35D1BD1FAD00008F1FD /* JKAutoresizingCellDemo */,
				3261E3771BD1FAD00008F1FD /* JKAutoresizingCellDemoTests */,
				3261E3821BD1FAD00008F1FD /* JKAutoresizingCellDemoUITests */,
				3261E35C1BD1FAD00008F1FD /* Products */,
			);
			sourceTree = "<group>";
		};
		3261E35C1BD1FAD00008F1FD /* Products */ = {
			isa = PBXGroup;
			children = (
				3261E35B1BD1FAD00008F1FD /* JKAutoresizingCellDemo.app */,
				3261E3741BD1FAD00008F1FD /* JKAutoresizingCellDemoTests.xctest */,
				3261E37F1BD1FAD00008F1FD /* JKAutoresizingCellDemoUITests.xctest */,
			);
			name = Products;
			sourceTree = "<group>";
		};
		3261E35D1BD1FAD00008F1FD /* JKAutoresizingCellDemo */ = {
			isa = PBXGroup;
			children = (
				3261E3611BD1FAD00008F1FD /* AppDelegate.h */,
				3261E3621BD1FAD00008F1FD /* AppDelegate.m */,
				3261E39F1BD207820008F1FD /* Views */,
				3261E39B1BD200D40008F1FD /* Models */,
				3261E3941BD1FBAF0008F1FD /* Controllers */,
				3261E36A1BD1FAD00008F1FD /* Assets.xcassets */,
				3261E3A01BD229890008F1FD /* Clock.png */,
				3261E3671BD1FAD00008F1FD /* Main.storyboard */,
				3261E36C1BD1FAD00008F1FD /* LaunchScreen.storyboard */,
				3261E36F1BD1FAD00008F1FD /* Info.plist */,
				3261E35E1BD1FAD00008F1FD /* Supporting Files */,
			);
			path = JKAutoresizingCellDemo;
			sourceTree = "<group>";
		};
		3261E35E1BD1FAD00008F1FD /* Supporting Files */ = {
			isa = PBXGroup;
			children = (
				3261E35F1BD1FAD00008F1FD /* main.m */,
			);
			name = "Supporting Files";
			sourceTree = "<group>";
		};
		3261E3771BD1FAD00008F1FD /* JKAutoresizingCellDemoTests */ = {
			isa = PBXGroup;
			children = (
				3261E3781BD1FAD00008F1FD /* JKAutoresizingCellDemoTests.m */,
				3261E37A1BD1FAD00008F1FD /* Info.plist */,
			);
			path = JKAutoresizingCellDemoTests;
			sourceTree = "<group>";
		};
		3261E3821BD1FAD00008F1FD /* JKAutoresizingCellDemoUITests */ = {
			isa = PBXGroup;
			children = (
				3261E3831BD1FAD00008F1FD /* JKAutoresizingCellDemoUITests.m */,
				3261E3851BD1FAD00008F1FD /* Info.plist */,
			);
			path = JKAutoresizingCellDemoUITests;
			sourceTree = "<group>";
		};
		3261E3941BD1FBAF0008F1FD /* Controllers */ = {
			isa = PBXGroup;
			children = (
				3261E3911BD1FBAA0008F1FD /* JKMenuViewController.h */,
				3261E3921BD1FBAA0008F1FD /* JKMenuViewController.m */,
				3261E3951BD1FFFE0008F1FD /* JKAutoresizingTableViewController.h */,
				3261E3961BD1FFFE0008F1FD /* JKAutoresizingTableViewController.m */,
			);
			name = Controllers;
			sourceTree = "<group>";
		};
		3261E39B1BD200D40008F1FD /* Models */ = {
			isa = PBXGroup;
			children = (
				3261E3981BD200CC0008F1FD /* JKEntity.h */,
				3261E3991BD200CC0008F1FD /* JKEntity.m */,
			);
			name = Models;
			sourceTree = "<group>";
		};
		3261E39F1BD207820008F1FD /* Views */ = {
			isa = PBXGroup;
			children = (
				3261E39C1BD2077E0008F1FD /* JKEntityCell.h */,
				3261E39D1BD2077E0008F1FD /* JKEntityCell.m */,
			);
			name = Views;
			sourceTree = "<group>";
		};
/* End PBXGroup section */

/* Begin PBXNativeTarget section */
		3261E35A1BD1FAD00008F1FD /* JKAutoresizingCellDemo */ = {
			isa = PBXNativeTarget;
			buildConfigurationList = 3261E3881BD1FAD00008F1FD /* Build configuration list for PBXNativeTarget "JKAutoresizingCellDemo" */;
			buildPhases = (
				3261E3571BD1FAD00008F1FD /* Sources */,
				3261E3581BD1FAD00008F1FD /* Frameworks */,
				3261E3591BD1FAD00008F1FD /* Resources */,
			);
			buildRules = (
			);
			dependencies = (
			);
			name = JKAutoresizingCellDemo;
			productName = JKAutoresizingCellDemo;
			productReference = 3261E35B1BD1FAD00008F1FD /* JKAutoresizingCellDemo.app */;
			productType = "com.apple.product-type.application";
		};
		3261E3731BD1FAD00008F1FD /* JKAutoresizingCellDemoTests */ = {
			isa = PBXNativeTarget;
			buildConfigurationList = 3261E38B1BD1FAD00008F1FD /* Build configuration list for PBXNativeTarget "JKAutoresizingCellDemoTests" */;
			buildPhases = (
				3261E3701BD1FAD00008F1FD /* Sources */,
				3261E3711BD1FAD00008F1FD /* Frameworks */,
				3261E3721BD1FAD00008F1FD /* Resources */,
			);
			buildRules = (
			);
			dependencies = (
				3261E3761BD1FAD00008F1FD /* PBXTargetDependency */,
			);
			name = JKAutoresizingCellDemoTests;
			productName = JKAutoresizingCellDemoTests;
			productReference = 3261E3741BD1FAD00008F1FD /* JKAutoresizingCellDemoTests.xctest */;
			productType = "com.apple.product-type.bundle.unit-test";
		};
		3261E37E1BD1FAD00008F1FD /* JKAutoresizingCellDemoUITests */ = {
			isa = PBXNativeTarget;
			buildConfigurationList = 3261E38E1BD1FAD00008F1FD /* Build configuration list for PBXNativeTarget "JKAutoresizingCellDemoUITests" */;
			buildPhases = (
				3261E37B1BD1FAD00008F1FD /* Sources */,
				3261E37C1BD1FAD00008F1FD /* Frameworks */,
				3261E37D1BD1FAD00008F1FD /* Resources */,
			);
			buildRules = (
			);
			dependencies = (
				3261E3811BD1FAD00008F1FD /* PBXTargetDependency */,
			);
			name = JKAutoresizingCellDemoUITests;
			productName = JKAutoresizingCellDemoUITests;
			productReference = 3261E37F1BD1FAD00008F1FD /* JKAutoresizingCellDemoUITests.xctest */;
			productType = "com.apple.product-type.bundle.ui-testing";
		};
/* End PBXNativeTarget section */

/* Begin PBXProject section */
		3261E3531BD1FAD00008F1FD /* Project object */ = {
			isa = PBXProject;
			attributes = {
				LastUpgradeCheck = 0700;
				ORGANIZATIONNAME = "Jack's app for practice";
				TargetAttributes = {
					3261E35A1BD1FAD00008F1FD = {
						CreatedOnToolsVersion = 7.0;
					};
					3261E3731BD1FAD00008F1FD = {
						CreatedOnToolsVersion = 7.0;
						TestTargetID = 3261E35A1BD1FAD00008F1FD;
					};
					3261E37E1BD1FAD00008F1FD = {
						CreatedOnToolsVersion = 7.0;
						TestTargetID = 3261E35A1BD1FAD00008F1FD;
					};
				};
			};
			buildConfigurationList = 3261E3561BD1FAD00008F1FD /* Build configuration list for PBXProject "JKAutoresizingCellDemo" */;
			compatibilityVersion = "Xcode 3.2";
			developmentRegion = English;
			hasScannedForEncodings = 0;
			knownRegions = (
				en,
				Base,
			);
			mainGroup = 3261E3521BD1FAD00008F1FD;
			productRefGroup = 3261E35C1BD1FAD00008F1FD /* Products */;
			projectDirPath = "";
			projectRoot = "";
			targets = (
				3261E35A1BD1FAD00008F1FD /* JKAutoresizingCellDemo */,
				3261E3731BD1FAD00008F1FD /* JKAutoresizingCellDemoTests */,
				3261E37E1BD1FAD00008F1FD /* JKAutoresizingCellDemoUITests */,
			);
		};
/* End PBXProject section */

/* Begin PBXResourcesBuildPhase section */
		3261E3591BD1FAD00008F1FD /* Resources */ = {
			isa = PBXResourcesBuildPhase;
			buildActionMask = 2147483647;
			files = (
				3261E3A11BD229890008F1FD /* Clock.png in Resources */,
				3261E36E1BD1FAD00008F1FD /* LaunchScreen.storyboard in Resources */,
				3261E36B1BD1FAD00008F1FD /* Assets.xcassets in Resources */,
				3261E3691BD1FAD00008F1FD /* Main.storyboard in Resources */,
			);
			runOnlyForDeploymentPostprocessing = 0;
		};
		3261E3721BD1FAD00008F1FD /* Resources */ = {
			isa = PBXResourcesBuildPhase;
			buildActionMask = 2147483647;
			files = (
			);
			runOnlyForDeploymentPostprocessing = 0;
		};
		3261E37D1BD1FAD00008F1FD /* Resources */ = {
			isa = PBXResourcesBuildPhase;
			buildActionMask = 2147483647;
			files = (
			);
			runOnlyForDeploymentPostprocessing = 0;
		};
/* End PBXResourcesBuildPhase section */

/* Begin PBXSourcesBuildPhase section */
		3261E3571BD1FAD00008F1FD /* Sources */ = {
			isa = PBXSourcesBuildPhase;
			buildActionMask = 2147483647;
			files = (
				3261E3931BD1FBAA0008F1FD /* JKMenuViewController.m in Sources */,
				3261E39E1BD2077E0008F1FD /* JKEntityCell.m in Sources */,
				3261E3631BD1FAD00008F1FD /* AppDelegate.m in Sources */,
				3261E3971BD1FFFE0008F1FD /* JKAutoresizingTableViewController.m in Sources */,
				3261E39A1BD200CC0008F1FD /* JKEntity.m in Sources */,
				3261E3601BD1FAD00008F1FD /* main.m in Sources */,
			);
			runOnlyForDeploymentPostprocessing = 0;
		};
		3261E3701BD1FAD00008F1FD /* Sources */ = {
			isa = PBXSourcesBuildPhase;
			buildActionMask = 2147483647;
			files = (
				3261E3791BD1FAD00008F1FD /* JKAutoresizingCellDemoTests.m in Sources */,
			);
			runOnlyForDeploymentPostprocessing = 0;
		};
		3261E37B1BD1FAD00008F1FD /* Sources */ = {
			isa = PBXSourcesBuildPhase;
			buildActionMask = 2147483647;
			files = (
				3261E3841BD1FAD00008F1FD /* JKAutoresizingCellDemoUITests.m in Sources */,
			);
			runOnlyForDeploymentPostprocessing = 0;
		};
/* End PBXSourcesBuildPhase section */

/* Begin PBXTargetDependency section */
		3261E3761BD1FAD00008F1FD /* PBXTargetDependency */ = {
			isa = PBXTargetDependency;
			target = 3261E35A1BD1FAD00008F1FD /* JKAutoresizingCellDemo */;
			targetProxy = 3261E3751BD1FAD00008F1FD /* PBXContainerItemProxy */;
		};
		3261E3811BD1FAD00008F1FD /* PBXTargetDependency */ = {
			isa = PBXTargetDependency;
			target = 3261E35A1BD1FAD00008F1FD /* JKAutoresizingCellDemo */;
			targetProxy = 3261E3801BD1FAD00008F1FD /* PBXContainerItemProxy */;
		};
/* End PBXTargetDependency section */

/* Begin PBXVariantGroup section */
		3261E3671BD1FAD00008F1FD /* Main.storyboard */ = {
			isa = PBXVariantGroup;
			children = (
				3261E3681BD1FAD00008F1FD /* Base */,
			);
			name = Main.storyboard;
			sourceTree = "<group>";
		};
		3261E36C1BD1FAD00008F1FD /* LaunchScreen.storyboard */ = {
			isa = PBXVariantGroup;
			children = (
				3261E36D1BD1FAD00008F1FD /* Base */,
			);
			name = LaunchScreen.storyboard;
			sourceTree = "<group>";
		};
/* End PBXVariantGroup section */

/* Begin XCBuildConfiguration section */
		3261E3861BD1FAD00008F1FD /* Debug */ = {
			isa = XCBuildConfiguration;
			buildSettings = {
				ALWAYS_SEARCH_USER_PATHS = NO;
				CLANG_CXX_LANGUAGE_STANDARD = "gnu++0x";
				CLANG_CXX_LIBRARY = "libc++";
				CLANG_ENABLE_MODULES = YES;
				CLANG_ENABLE_OBJC_ARC = YES;
				CLANG_WARN_BOOL_CONVERSION = YES;
				CLANG_WARN_CONSTANT_CONVERSION = YES;
				CLANG_WARN_DIRECT_OBJC_ISA_USAGE = YES_ERROR;
				CLANG_WARN_EMPTY_BODY = YES;
				CLANG_WARN_ENUM_CONVERSION = YES;
				CLANG_WARN_INT_CONVERSION = YES;
				CLANG_WARN_OBJC_ROOT_CLASS = YES_ERROR;
				CLANG_WARN_UNREACHABLE_CODE = YES;
				CLANG_WARN__DUPLICATE_METHOD_MATCH = YES;
				"CODE_SIGN_IDENTITY[sdk=iphoneos*]" = "iPhone Developer";
				COPY_PHASE_STRIP = NO;
				DEBUG_INFORMATION_FORMAT = dwarf;
				ENABLE_STRICT_OBJC_MSGSEND = YES;
				ENABLE_TESTABILITY = YES;
				GCC_C_LANGUAGE_STANDARD = gnu99;
				GCC_DYNAMIC_NO_PIC = NO;
				GCC_NO_COMMON_BLOCKS = YES;
				GCC_OPTIMIZATION_LEVEL = 0;
				GCC_PREPROCESSOR_DEFINITIONS = (
					"DEBUG=1",
					"$(inherited)",
				);
				GCC_WARN_64_TO_32_BIT_CONVERSION = YES;
				GCC_WARN_ABOUT_RETURN_TYPE = YES_ERROR;
				GCC_WARN_UNDECLARED_SELECTOR = YES;
				GCC_WARN_UNINITIALIZED_AUTOS = YES_AGGRESSIVE;
				GCC_WARN_UNUSED_FUNCTION = YES;
				GCC_WARN_UNUSED_VARIABLE = YES;
				IPHONEOS_DEPLOYMENT_TARGET = 9.0;
				MTL_ENABLE_DEBUG_INFO = YES;
				ONLY_ACTIVE_ARCH = YES;
				SDKROOT = iphoneos;
				TARGETED_DEVICE_FAMILY = "1,2";
			};
			name = Debug;
		};
		3261E3871BD1FAD00008F1FD /* Release */ = {
			isa = XCBuildConfiguration;
			buildSettings = {
				ALWAYS_SEARCH_USER_PATHS = NO;
				CLANG_CXX_LANGUAGE_STANDARD = "gnu++0x";
				CLANG_CXX_LIBRARY = "libc++";
				CLANG_ENABLE_MODULES = YES;
				CLANG_ENABLE_OBJC_ARC = YES;
				CLANG_WARN_BOOL_CONVERSION = YES;
				CLANG_WARN_CONSTANT_CONVERSION = YES;
				CLANG_WARN_DIRECT_OBJC_ISA_USAGE = YES_ERROR;
				CLANG_WARN_EMPTY_BODY = YES;
				CLANG_WARN_ENUM_CONVERSION = YES;
				CLANG_WARN_INT_CONVERSION = YES;
				CLANG_WARN_OBJC_ROOT_CLASS = YES_ERROR;
				CLANG_WARN_UNREACHABLE_CODE = YES;
				CLANG_WARN__DUPLICATE_METHOD_MATCH = YES;
				"CODE_SIGN_IDENTITY[sdk=iphoneos*]" = "iPhone Developer";
				COPY_PHASE_STRIP = NO;
				DEBUG_INFORMATION_FORMAT = "dwarf-with-dsym";
				ENABLE_NS_ASSERTIONS = NO;
				ENABLE_STRICT_OBJC_MSGSEND = YES;
				GCC_C_LANGUAGE_STANDARD = gnu99;
				GCC_NO_COMMON_BLOCKS = YES;
				GCC_WARN_64_TO_32_BIT_CONVERSION = YES;
				GCC_WARN_ABOUT_RETURN_TYPE = YES_ERROR;
				GCC_WARN_UNDECLARED_SELECTOR = YES;
				GCC_WARN_UNINITIALIZED_AUTOS = YES_AGGRESSIVE;
				GCC_WARN_UNUSED_FUNCTION = YES;
				GCC_WARN_UNUSED_VARIABLE = YES;
				IPHONEOS_DEPLOYMENT_TARGET = 9.0;
				MTL_ENABLE_DEBUG_INFO = NO;
				SDKROOT = iphoneos;
				TARGETED_DEVICE_FAMILY = "1,2";
				VALIDATE_PRODUCT = YES;
			};
			name = Release;
		};
		3261E3891BD1FAD00008F1FD /* Debug */ = {
			isa = XCBuildConfiguration;
			buildSettings = {
				ASSETCATALOG_COMPILER_APPICON_NAME = AppIcon;
				INFOPLIST_FILE = JKAutoresizingCellDemo/Info.plist;
				IPHONEOS_DEPLOYMENT_TARGET = 6.0;
				LD_RUNPATH_SEARCH_PATHS = "$(inherited) @executable_path/Frameworks";
				PRODUCT_BUNDLE_IDENTIFIER = com.huangkun.JKAutoresizingCellDemo;
				PRODUCT_NAME = "$(TARGET_NAME)";
			};
			name = Debug;
		};
		3261E38A1BD1FAD00008F1FD /* Release */ = {
			isa = XCBuildConfiguration;
			buildSettings = {
				ASSETCATALOG_COMPILER_APPICON_NAME = AppIcon;
				INFOPLIST_FILE = JKAutoresizingCellDemo/Info.plist;
				IPHONEOS_DEPLOYMENT_TARGET = 6.0;
				LD_RUNPATH_SEARCH_PATHS = "$(inherited) @executable_path/Frameworks";
				PRODUCT_BUNDLE_IDENTIFIER = com.huangkun.JKAutoresizingCellDemo;
				PRODUCT_NAME = "$(TARGET_NAME)";
			};
			name = Release;
		};
		3261E38C1BD1FAD00008F1FD /* Debug */ = {
			isa = XCBuildConfiguration;
			buildSettings = {
				BUNDLE_LOADER = "$(TEST_HOST)";
				INFOPLIST_FILE = JKAutoresizingCellDemoTests/Info.plist;
				LD_RUNPATH_SEARCH_PATHS = "$(inherited) @executable_path/Frameworks @loader_path/Frameworks";
				PRODUCT_BUNDLE_IDENTIFIER = com.huangkun.JKAutoresizingCellDemoTests;
				PRODUCT_NAME = "$(TARGET_NAME)";
				TEST_HOST = "$(BUILT_PRODUCTS_DIR)/JKAutoresizingCellDemo.app/JKAutoresizingCellDemo";
			};
			name = Debug;
		};
		3261E38D1BD1FAD00008F1FD /* Release */ = {
			isa = XCBuildConfiguration;
			buildSettings = {
				BUNDLE_LOADER = "$(TEST_HOST)";
				INFOPLIST_FILE = JKAutoresizingCellDemoTests/Info.plist;
				LD_RUNPATH_SEARCH_PATHS = "$(inherited) @executable_path/Frameworks @loader_path/Frameworks";
				PRODUCT_BUNDLE_IDENTIFIER = com.huangkun.JKAutoresizingCellDemoTests;
				PRODUCT_NAME = "$(TARGET_NAME)";
				TEST_HOST = "$(BUILT_PRODUCTS_DIR)/JKAutoresizingCellDemo.app/JKAutoresizingCellDemo";
			};
			name = Release;
		};
		3261E38F1BD1FAD00008F1FD /* Debug */ = {
			isa = XCBuildConfiguration;
			buildSettings = {
				INFOPLIST_FILE = JKAutoresizingCellDemoUITests/Info.plist;
				LD_RUNPATH_SEARCH_PATHS = "$(inherited) @executable_path/Frameworks @loader_path/Frameworks";
				PRODUCT_BUNDLE_IDENTIFIER = com.huangkun.JKAutoresizingCellDemoUITests;
				PRODUCT_NAME = "$(TARGET_NAME)";
				TEST_TARGET_NAME = JKAutoresizingCellDemo;
				USES_XCTRUNNER = YES;
			};
			name = Debug;
		};
		3261E3901BD1FAD00008F1FD /* Release */ = {
			isa = XCBuildConfiguration;
			buildSettings = {
				INFOPLIST_FILE = JKAutoresizingCellDemoUITests/Info.plist;
				LD_RUNPATH_SEARCH_PATHS = "$(inherited) @executable_path/Frameworks @loader_path/Frameworks";
				PRODUCT_BUNDLE_IDENTIFIER = com.huangkun.JKAutoresizingCellDemoUITests;
				PRODUCT_NAME = "$(TARGET_NAME)";
				TEST_TARGET_NAME = JKAutoresizingCellDemo;
				USES_XCTRUNNER = YES;
			};
			name = Release;
		};
/* End XCBuildConfiguration section */

/* Begin XCConfigurationList section */
		3261E3561BD1FAD00008F1FD /* Build configuration list for PBXProject "JKAutoresizingCellDemo" */ = {
			isa = XCConfigurationList;
			buildConfigurations = (
				3261E3861BD1FAD00008F1FD /* Debug */,
				3261E3871BD1FAD00008F1FD /* Release */,
			);
			defaultConfigurationIsVisible = 0;
			defaultConfigurationName = Release;
		};
		3261E3881BD1FAD00008F1FD /* Build configuration list for PBXNativeTarget "JKAutoresizingCellDemo" */ = {
			isa = XCConfigurationList;
			buildConfigurations = (
				3261E3891BD1FAD00008F1FD /* Debug */,
				3261E38A1BD1FAD00008F1FD /* Release */,
			);
			defaultConfigurationIsVisible = 0;
			defaultConfigurationName = Release;
		};
		3261E38B1BD1FAD00008F1FD /* Build configuration list for PBXNativeTarget "JKAutoresizingCellDemoTests" */ = {
			isa = XCConfigurationList;
			buildConfigurations = (
				3261E38C1BD1FAD00008F1FD /* Debug */,
				3261E38D1BD1FAD00008F1FD /* Release */,
			);
			defaultConfigurationIsVisible = 0;
			defaultConfigurationName = Release;
		};
		3261E38E1BD1FAD00008F1FD /* Build configuration list for PBXNativeTarget "JKAutoresizingCellDemoUITests" */ = {
			isa = XCConfigurationList;
			buildConfigurations = (
				3261E38F1BD1FAD00008F1FD /* Debug */,
				3261E3901BD1FAD00008F1FD /* Release */,
			);
			defaultConfigurationIsVisible = 0;
			defaultConfigurationName = Release;
		};
/* End XCConfigurationList section */
	};
	rootObject = 3261E3531BD1FAD00008F1FD /* Project object */;
}
